
Microsoft Visual Studio Solution File, Format Version 12.00
# Visual Studio Version 17
VisualStudioVersion = 17.13.35913.81 d17.13
MinimumVisualStudioVersion = 10.0.40219.1
Project("{FAE04EC0-301F-11D3-BF4B-00C04F79EFBC}") = "ExperimentNo2_1", "ExperimentNo2_1.csproj", "{27D41477-B177-4790-8CF7-E935E664A95C}"
EndProject
Global
	GlobalSection(SolutionConfigurationPlatforms) = preSolution
		Debug|Any CPU = Debug|Any CPU
		Release|Any CPU = Release|Any CPU
	EndGlobalSection
	GlobalSection(ProjectConfigurationPlatforms) = postSolution
		{27D41477-B177-4790-8CF7-E935E664A95C}.Debug|Any CPU.ActiveCfg = Debug|Any CPU
		{27D41477-B177-4790-8CF7-E935E664A95C}.Debug|Any CPU.Build.0 = Debug|Any CPU
		{27D41477-B177-4790-8CF7-E935E664A95C}.Release|Any CPU.ActiveCfg = Release|Any CPU
		{27D41477-B177-4790-8CF7-E935E664A95C}.Release|Any CPU.Build.0 = Release|Any CPU
	EndGlobalSection
	GlobalSection(SolutionProperties) = preSolution
		HideSolutionNode = FALSE
	EndGlobalSection
	GlobalSection(ExtensibilityGlobals) = postSolution
		SolutionGuid = {CFC6A2A7-0AFC-416F-9E50-45DD1ADA3725}
	EndGlobalSection
EndGlobal
