
Microsoft Visual Studio Solution File, Format Version 12.00
# Visual Studio Version 17
VisualStudioVersion = 17.13.35913.81 d17.13
MinimumVisualStudioVersion = 10.0.40219.1
Project("{FAE04EC0-301F-11D3-BF4B-00C04F79EFBC}") = "ExperimentNo2_3", "ExperimentNo2_3.csproj", "{336970F7-CCA0-4F8C-B458-9FF25774B4DD}"
EndProject
Global
	GlobalSection(SolutionConfigurationPlatforms) = preSolution
		Debug|Any CPU = Debug|Any CPU
		Release|Any CPU = Release|Any CPU
	EndGlobalSection
	GlobalSection(ProjectConfigurationPlatforms) = postSolution
		{336970F7-CCA0-4F8C-B458-9FF25774B4DD}.Debug|Any CPU.ActiveCfg = Debug|Any CPU
		{336970F7-CCA0-4F8C-B458-9FF25774B4DD}.Debug|Any CPU.Build.0 = Debug|Any CPU
		{336970F7-CCA0-4F8C-B458-9FF25774B4DD}.Release|Any CPU.ActiveCfg = Release|Any CPU
		{336970F7-CCA0-4F8C-B458-9FF25774B4DD}.Release|Any CPU.Build.0 = Release|Any CPU
	EndGlobalSection
	GlobalSection(SolutionProperties) = preSolution
		HideSolutionNode = FALSE
	EndGlobalSection
	GlobalSection(ExtensibilityGlobals) = postSolution
		SolutionGuid = {BACA4B11-7794-4D3E-9F74-07C35A415CC9}
	EndGlobalSection
EndGlobal
